
Microsoft Visual Studio Solution File, Format Version 12.00
# Visual Studio Version 16
VisualStudioVersion = 16.0.30114.105
MinimumVisualStudioVersion = 10.0.40219.1
Project("{FAE04EC0-301F-11D3-BF4B-00C04F79EFBC}") = "R5T.B0002", "R5T.B0002\R5T.B0002.csproj", "{D2B399C8-1B12-4D94-B4D9-F6ADF54835F7}"
EndProject
Project("{FAE04EC0-301F-11D3-BF4B-00C04F79EFBC}") = "R5T.B0002.B000", "R5T.B0002.B000\R5T.B0002.B000.csproj", "{16AEDB66-31B3-4386-9D20-1FDEFDC33B55}"
EndProject
Project("{FAE04EC0-301F-11D3-BF4B-00C04F79EFBC}") = "R5T.B0002.Construction", "R5T.B0002.Construction\R5T.B0002.Construction.csproj", "{0184BF2C-7B9C-4AC8-917C-8F267EF8204B}"
EndProject
Project("{FAE04EC0-301F-11D3-BF4B-00C04F79EFBC}") = "R5T.B0002.X001", "R5T.B0002.X001\R5T.B0002.X001.csproj", "{0FE22915-4BEB-4A9D-A68D-175942939BAB}"
EndProject
Project("{FAE04EC0-301F-11D3-BF4B-00C04F79EFBC}") = "R5T.B0002.X002", "R5T.B0002.X002\R5T.B0002.X002.csproj", "{D6E4FF83-FFA1-4286-8BF4-B32739912489}"
EndProject
Global
	GlobalSection(SolutionConfigurationPlatforms) = preSolution
		Debug|Any CPU = Debug|Any CPU
		Debug|x64 = Debug|x64
		Debug|x86 = Debug|x86
		Release|Any CPU = Release|Any CPU
		Release|x64 = Release|x64
		Release|x86 = Release|x86
	EndGlobalSection
	GlobalSection(SolutionProperties) = preSolution
		HideSolutionNode = FALSE
	EndGlobalSection
	GlobalSection(ProjectConfigurationPlatforms) = postSolution
		{D2B399C8-1B12-4D94-B4D9-F6ADF54835F7}.Debug|Any CPU.ActiveCfg = Debug|Any CPU
		{D2B399C8-1B12-4D94-B4D9-F6ADF54835F7}.Debug|Any CPU.Build.0 = Debug|Any CPU
		{D2B399C8-1B12-4D94-B4D9-F6ADF54835F7}.Debug|x64.ActiveCfg = Debug|Any CPU
		{D2B399C8-1B12-4D94-B4D9-F6ADF54835F7}.Debug|x64.Build.0 = Debug|Any CPU
		{D2B399C8-1B12-4D94-B4D9-F6ADF54835F7}.Debug|x86.ActiveCfg = Debug|Any CPU
		{D2B399C8-1B12-4D94-B4D9-F6ADF54835F7}.Debug|x86.Build.0 = Debug|Any CPU
		{D2B399C8-1B12-4D94-B4D9-F6ADF54835F7}.Release|Any CPU.ActiveCfg = Release|Any CPU
		{D2B399C8-1B12-4D94-B4D9-F6ADF54835F7}.Release|Any CPU.Build.0 = Release|Any CPU
		{D2B399C8-1B12-4D94-B4D9-F6ADF54835F7}.Release|x64.ActiveCfg = Release|Any CPU
		{D2B399C8-1B12-4D94-B4D9-F6ADF54835F7}.Release|x64.Build.0 = Release|Any CPU
		{D2B399C8-1B12-4D94-B4D9-F6ADF54835F7}.Release|x86.ActiveCfg = Release|Any CPU
		{D2B399C8-1B12-4D94-B4D9-F6ADF54835F7}.Release|x86.Build.0 = Release|Any CPU
		{16AEDB66-31B3-4386-9D20-1FDEFDC33B55}.Debug|Any CPU.ActiveCfg = Debug|Any CPU
		{16AEDB66-31B3-4386-9D20-1FDEFDC33B55}.Debug|Any CPU.Build.0 = Debug|Any CPU
		{16AEDB66-31B3-4386-9D20-1FDEFDC33B55}.Debug|x64.ActiveCfg = Debug|Any CPU
		{16AEDB66-31B3-4386-9D20-1FDEFDC33B55}.Debug|x64.Build.0 = Debug|Any CPU
		{16AEDB66-31B3-4386-9D20-1FDEFDC33B55}.Debug|x86.ActiveCfg = Debug|Any CPU
		{16AEDB66-31B3-4386-9D20-1FDEFDC33B55}.Debug|x86.Build.0 = Debug|Any CPU
		{16AEDB66-31B3-4386-9D20-1FDEFDC33B55}.Release|Any CPU.ActiveCfg = Release|Any CPU
		{16AEDB66-31B3-4386-9D20-1FDEFDC33B55}.Release|Any CPU.Build.0 = Release|Any CPU
		{16AEDB66-31B3-4386-9D20-1FDEFDC33B55}.Release|x64.ActiveCfg = Release|Any CPU
		{16AEDB66-31B3-4386-9D20-1FDEFDC33B55}.Release|x64.Build.0 = Release|Any CPU
		{16AEDB66-31B3-4386-9D20-1FDEFDC33B55}.Release|x86.ActiveCfg = Release|Any CPU
		{16AEDB66-31B3-4386-9D20-1FDEFDC33B55}.Release|x86.Build.0 = Release|Any CPU
		{0184BF2C-7B9C-4AC8-917C-8F267EF8204B}.Debug|Any CPU.ActiveCfg = Debug|Any CPU
		{0184BF2C-7B9C-4AC8-917C-8F267EF8204B}.Debug|Any CPU.Build.0 = Debug|Any CPU
		{0184BF2C-7B9C-4AC8-917C-8F267EF8204B}.Debug|x64.ActiveCfg = Debug|Any CPU
		{0184BF2C-7B9C-4AC8-917C-8F267EF8204B}.Debug|x64.Build.0 = Debug|Any CPU
		{0184BF2C-7B9C-4AC8-917C-8F267EF8204B}.Debug|x86.ActiveCfg = Debug|Any CPU
		{0184BF2C-7B9C-4AC8-917C-8F267EF8204B}.Debug|x86.Build.0 = Debug|Any CPU
		{0184BF2C-7B9C-4AC8-917C-8F267EF8204B}.Release|Any CPU.ActiveCfg = Release|Any CPU
		{0184BF2C-7B9C-4AC8-917C-8F267EF8204B}.Release|Any CPU.Build.0 = Release|Any CPU
		{0184BF2C-7B9C-4AC8-917C-8F267EF8204B}.Release|x64.ActiveCfg = Release|Any CPU
		{0184BF2C-7B9C-4AC8-917C-8F267EF8204B}.Release|x64.Build.0 = Release|Any CPU
		{0184BF2C-7B9C-4AC8-917C-8F267EF8204B}.Release|x86.ActiveCfg = Release|Any CPU
		{0184BF2C-7B9C-4AC8-917C-8F267EF8204B}.Release|x86.Build.0 = Release|Any CPU
		{0FE22915-4BEB-4A9D-A68D-175942939BAB}.Debug|Any CPU.ActiveCfg = Debug|Any CPU
		{0FE22915-4BEB-4A9D-A68D-175942939BAB}.Debug|Any CPU.Build.0 = Debug|Any CPU
		{0FE22915-4BEB-4A9D-A68D-175942939BAB}.Debug|x64.ActiveCfg = Debug|Any CPU
		{0FE22915-4BEB-4A9D-A68D-175942939BAB}.Debug|x64.Build.0 = Debug|Any CPU
		{0FE22915-4BEB-4A9D-A68D-175942939BAB}.Debug|x86.ActiveCfg = Debug|Any CPU
		{0FE22915-4BEB-4A9D-A68D-175942939BAB}.Debug|x86.Build.0 = Debug|Any CPU
		{0FE22915-4BEB-4A9D-A68D-175942939BAB}.Release|Any CPU.ActiveCfg = Release|Any CPU
		{0FE22915-4BEB-4A9D-A68D-175942939BAB}.Release|Any CPU.Build.0 = Release|Any CPU
		{0FE22915-4BEB-4A9D-A68D-175942939BAB}.Release|x64.ActiveCfg = Release|Any CPU
		{0FE22915-4BEB-4A9D-A68D-175942939BAB}.Release|x64.Build.0 = Release|Any CPU
		{0FE22915-4BEB-4A9D-A68D-175942939BAB}.Release|x86.ActiveCfg = Release|Any CPU
		{0FE22915-4BEB-4A9D-A68D-175942939BAB}.Release|x86.Build.0 = Release|Any CPU
		{D6E4FF83-FFA1-4286-8BF4-B32739912489}.Debug|Any CPU.ActiveCfg = Debug|Any CPU
		{D6E4FF83-FFA1-4286-8BF4-B32739912489}.Debug|Any CPU.Build.0 = Debug|Any CPU
		{D6E4FF83-FFA1-4286-8BF4-B32739912489}.Debug|x64.ActiveCfg = Debug|Any CPU
		{D6E4FF83-FFA1-4286-8BF4-B32739912489}.Debug|x64.Build.0 = Debug|Any CPU
		{D6E4FF83-FFA1-4286-8BF4-B32739912489}.Debug|x86.ActiveCfg = Debug|Any CPU
		{D6E4FF83-FFA1-4286-8BF4-B32739912489}.Debug|x86.Build.0 = Debug|Any CPU
		{D6E4FF83-FFA1-4286-8BF4-B32739912489}.Release|Any CPU.ActiveCfg = Release|Any CPU
		{D6E4FF83-FFA1-4286-8BF4-B32739912489}.Release|Any CPU.Build.0 = Release|Any CPU
		{D6E4FF83-FFA1-4286-8BF4-B32739912489}.Release|x64.ActiveCfg = Release|Any CPU
		{D6E4FF83-FFA1-4286-8BF4-B32739912489}.Release|x64.Build.0 = Release|Any CPU
		{D6E4FF83-FFA1-4286-8BF4-B32739912489}.Release|x86.ActiveCfg = Release|Any CPU
		{D6E4FF83-FFA1-4286-8BF4-B32739912489}.Release|x86.Build.0 = Release|Any CPU
	EndGlobalSection
EndGlobal
